
Microsoft Visual Studio Solution File, Format Version 12.00
# Visual Studio Version 17
VisualStudioVersion = 17.6.33417.168
MinimumVisualStudioVersion = 10.0.40219.1
Project("{2150E333-8FDC-42A3-9474-1A3956D46DE8}") = "创建型", "创建型", "{9764794E-8E1B-49C6-BB85-6C8E507154EF}"
EndProject
Project("{2150E333-8FDC-42A3-9474-1A3956D46DE8}") = "1单例singleton", "1单例singleton", "{F24EDABA-7A12-4721-AEBC-3488C2A94EA8}"
EndProject
Project("{9A19103F-16F7-4668-BE54-9A1E7A4F7556}") = "单例", "创建型设计模式\1单例模式singleton\单例\单例.csproj", "{1D3E608C-4D50-4E9C-A2CF-DD9A2D15A0E9}"
EndProject
Project("{2150E333-8FDC-42A3-9474-1A3956D46DE8}") = "2简单工厂模式simpleFactory", "2简单工厂模式simpleFactory", "{68F81095-2586-4FF9-9571-E0B553863844}"
EndProject
Project("{9A19103F-16F7-4668-BE54-9A1E7A4F7556}") = "简单工厂", "创建型设计模式\2简单工厂模式simpleFactory\简单工厂\简单工厂.csproj", "{D6326465-3575-4881-B6E3-E0EDBB0B3BBE}"
EndProject
Project("{2150E333-8FDC-42A3-9474-1A3956D46DE8}") = "3工厂方法模式factoryMethod", "3工厂方法模式factoryMethod", "{3D5E3DD5-5367-4963-BC1A-0BFC53888498}"
EndProject
Project("{2150E333-8FDC-42A3-9474-1A3956D46DE8}") = "4.抽象工厂模式AbstractFactory", "4.抽象工厂模式AbstractFactory", "{33D1A4AC-3B7E-40C7-A710-6D22E8A6E7EF}"
EndProject
Project("{9A19103F-16F7-4668-BE54-9A1E7A4F7556}") = "AbstractFactory", "创建型设计模式\4.抽象工厂模式AbstractFactory\AbstractFactory\AbstractFactory.csproj", "{02E98C3C-1F88-430C-9798-5A6520FD2EED}"
EndProject
Project("{2150E333-8FDC-42A3-9474-1A3956D46DE8}") = "行为型", "行为型", "{D14390B2-9375-463F-A8C4-FA247E89B239}"
EndProject
Project("{2150E333-8FDC-42A3-9474-1A3956D46DE8}") = "14职责链模式ChainofResponsibility", "14职责链模式ChainofResponsibility", "{4EA478A1-5B94-4DC2-AC79-C668A301D76C}"
EndProject
Project("{FAE04EC0-301F-11D3-BF4B-00C04F79EFBC}") = "14职责链模式ChainofResponsibility", "行为型设计模式\14职责链模式ChainofResponsibility\14职责链模式ChainofResponsibility\14职责链模式ChainofResponsibility.csproj", "{BFEC9DF2-C7C6-47B3-BBC8-DE7EEF239930}"
EndProject
Project("{2150E333-8FDC-42A3-9474-1A3956D46DE8}") = "15观察者模式Observer", "15观察者模式Observer", "{445A5D2D-0420-4743-B28A-0C9B335315A6}"
EndProject
Project("{FAE04EC0-301F-11D3-BF4B-00C04F79EFBC}") = "15观察者模式Observer", "行为型设计模式\15观察者模式Observer\15观察者模式Observer\15观察者模式Observer.csproj", "{EABD3201-5473-468B-9709-8F2F6021371C}"
EndProject
Project("{2150E333-8FDC-42A3-9474-1A3956D46DE8}") = "16访问者模式Visitor", "16访问者模式Visitor", "{F2EB86DC-4331-423A-91D0-940038CB02BB}"
EndProject
Project("{FAE04EC0-301F-11D3-BF4B-00C04F79EFBC}") = "16访问者模式Visitor", "行为型设计模式\16访问者模式Visitor\16访问者模式Visitor\16访问者模式Visitor.csproj", "{ECD613F1-58A5-42E0-904E-EB052EBE8214}"
EndProject
Project("{2150E333-8FDC-42A3-9474-1A3956D46DE8}") = "17模板方法模式TemplateMethod", "17模板方法模式TemplateMethod", "{C40810C0-C3B8-4561-BC3D-902363D6793D}"
EndProject
Project("{FAE04EC0-301F-11D3-BF4B-00C04F79EFBC}") = "17模板方法模式TemplateMethod", "行为型设计模式\17模板方法模式TemplateMethod\17模板方法模式TemplateMethod\17模板方法模式TemplateMethod.csproj", "{9B7A8381-B111-4BE7-8CAF-8C3F4CE9EE65}"
EndProject
Global
	GlobalSection(SolutionConfigurationPlatforms) = preSolution
		Debug|Any CPU = Debug|Any CPU
		Release|Any CPU = Release|Any CPU
	EndGlobalSection
	GlobalSection(ProjectConfigurationPlatforms) = postSolution
		{1D3E608C-4D50-4E9C-A2CF-DD9A2D15A0E9}.Debug|Any CPU.ActiveCfg = Debug|Any CPU
		{1D3E608C-4D50-4E9C-A2CF-DD9A2D15A0E9}.Debug|Any CPU.Build.0 = Debug|Any CPU
		{1D3E608C-4D50-4E9C-A2CF-DD9A2D15A0E9}.Release|Any CPU.ActiveCfg = Release|Any CPU
		{1D3E608C-4D50-4E9C-A2CF-DD9A2D15A0E9}.Release|Any CPU.Build.0 = Release|Any CPU
		{D6326465-3575-4881-B6E3-E0EDBB0B3BBE}.Debug|Any CPU.ActiveCfg = Debug|Any CPU
		{D6326465-3575-4881-B6E3-E0EDBB0B3BBE}.Debug|Any CPU.Build.0 = Debug|Any CPU
		{D6326465-3575-4881-B6E3-E0EDBB0B3BBE}.Release|Any CPU.ActiveCfg = Release|Any CPU
		{D6326465-3575-4881-B6E3-E0EDBB0B3BBE}.Release|Any CPU.Build.0 = Release|Any CPU
		{02E98C3C-1F88-430C-9798-5A6520FD2EED}.Debug|Any CPU.ActiveCfg = Debug|Any CPU
		{02E98C3C-1F88-430C-9798-5A6520FD2EED}.Debug|Any CPU.Build.0 = Debug|Any CPU
		{02E98C3C-1F88-430C-9798-5A6520FD2EED}.Release|Any CPU.ActiveCfg = Release|Any CPU
		{02E98C3C-1F88-430C-9798-5A6520FD2EED}.Release|Any CPU.Build.0 = Release|Any CPU
		{BFEC9DF2-C7C6-47B3-BBC8-DE7EEF239930}.Debug|Any CPU.ActiveCfg = Debug|Any CPU
		{BFEC9DF2-C7C6-47B3-BBC8-DE7EEF239930}.Debug|Any CPU.Build.0 = Debug|Any CPU
		{BFEC9DF2-C7C6-47B3-BBC8-DE7EEF239930}.Release|Any CPU.ActiveCfg = Release|Any CPU
		{BFEC9DF2-C7C6-47B3-BBC8-DE7EEF239930}.Release|Any CPU.Build.0 = Release|Any CPU
		{EABD3201-5473-468B-9709-8F2F6021371C}.Debug|Any CPU.ActiveCfg = Debug|Any CPU
		{EABD3201-5473-468B-9709-8F2F6021371C}.Debug|Any CPU.Build.0 = Debug|Any CPU
		{EABD3201-5473-468B-9709-8F2F6021371C}.Release|Any CPU.ActiveCfg = Release|Any CPU
		{EABD3201-5473-468B-9709-8F2F6021371C}.Release|Any CPU.Build.0 = Release|Any CPU
		{ECD613F1-58A5-42E0-904E-EB052EBE8214}.Debug|Any CPU.ActiveCfg = Debug|Any CPU
		{ECD613F1-58A5-42E0-904E-EB052EBE8214}.Debug|Any CPU.Build.0 = Debug|Any CPU
		{ECD613F1-58A5-42E0-904E-EB052EBE8214}.Release|Any CPU.ActiveCfg = Release|Any CPU
		{ECD613F1-58A5-42E0-904E-EB052EBE8214}.Release|Any CPU.Build.0 = Release|Any CPU
		{9B7A8381-B111-4BE7-8CAF-8C3F4CE9EE65}.Debug|Any CPU.ActiveCfg = Debug|Any CPU
		{9B7A8381-B111-4BE7-8CAF-8C3F4CE9EE65}.Debug|Any CPU.Build.0 = Debug|Any CPU
		{9B7A8381-B111-4BE7-8CAF-8C3F4CE9EE65}.Release|Any CPU.ActiveCfg = Release|Any CPU
		{9B7A8381-B111-4BE7-8CAF-8C3F4CE9EE65}.Release|Any CPU.Build.0 = Release|Any CPU
	EndGlobalSection
	GlobalSection(SolutionProperties) = preSolution
		HideSolutionNode = FALSE
	EndGlobalSection
	GlobalSection(NestedProjects) = preSolution
		{F24EDABA-7A12-4721-AEBC-3488C2A94EA8} = {9764794E-8E1B-49C6-BB85-6C8E507154EF}
		{1D3E608C-4D50-4E9C-A2CF-DD9A2D15A0E9} = {F24EDABA-7A12-4721-AEBC-3488C2A94EA8}
		{68F81095-2586-4FF9-9571-E0B553863844} = {9764794E-8E1B-49C6-BB85-6C8E507154EF}
		{D6326465-3575-4881-B6E3-E0EDBB0B3BBE} = {68F81095-2586-4FF9-9571-E0B553863844}
		{3D5E3DD5-5367-4963-BC1A-0BFC53888498} = {9764794E-8E1B-49C6-BB85-6C8E507154EF}
		{33D1A4AC-3B7E-40C7-A710-6D22E8A6E7EF} = {9764794E-8E1B-49C6-BB85-6C8E507154EF}
		{02E98C3C-1F88-430C-9798-5A6520FD2EED} = {33D1A4AC-3B7E-40C7-A710-6D22E8A6E7EF}
		{4EA478A1-5B94-4DC2-AC79-C668A301D76C} = {D14390B2-9375-463F-A8C4-FA247E89B239}
		{BFEC9DF2-C7C6-47B3-BBC8-DE7EEF239930} = {4EA478A1-5B94-4DC2-AC79-C668A301D76C}
		{445A5D2D-0420-4743-B28A-0C9B335315A6} = {D14390B2-9375-463F-A8C4-FA247E89B239}
		{EABD3201-5473-468B-9709-8F2F6021371C} = {445A5D2D-0420-4743-B28A-0C9B335315A6}
		{F2EB86DC-4331-423A-91D0-940038CB02BB} = {D14390B2-9375-463F-A8C4-FA247E89B239}
		{ECD613F1-58A5-42E0-904E-EB052EBE8214} = {F2EB86DC-4331-423A-91D0-940038CB02BB}
		{C40810C0-C3B8-4561-BC3D-902363D6793D} = {D14390B2-9375-463F-A8C4-FA247E89B239}
		{9B7A8381-B111-4BE7-8CAF-8C3F4CE9EE65} = {C40810C0-C3B8-4561-BC3D-902363D6793D}
	EndGlobalSection
	GlobalSection(ExtensibilityGlobals) = postSolution
		SolutionGuid = {671FAB0D-E9B8-49F0-B244-CAE331673AA3}
	EndGlobalSection
EndGlobal
